PODS:
  - cloud_firestore (4.16.1):
    - Firebase/Firestore (= 10.25.0)
    - firebase_core
    - Flutter
    - nanopb (< 2.30910.0, >= 2.30908.0)
  - Firebase/Auth (10.25.0):
    - Firebase/CoreOnly
    - FirebaseAuth (~> 10.25.0)
  - Firebase/CoreOnly (10.25.0):
    - FirebaseCore (= 10.25.0)
  - Firebase/Firestore (10.25.0):
    - Firebase/CoreOnly
    - FirebaseFirestore (~> 10.25.0)
  - firebase_auth (4.19.1):
    - Firebase/Auth (= 10.25.0)
    - firebase_core
    - Flutter
  - firebase_core (2.31.1):
    - Firebase/CoreOnly (= 10.25.0)
    - Flutter
  - FirebaseAppCheckInterop (10.25.0)
  - FirebaseAuth (10.25.0):
    - FirebaseAppCheckInterop (~> 10.17)
    - FirebaseCore (~> 10.0)
    - GoogleUtilities/AppDelegateSwizzler (~> 7.8)
    - GoogleUtilities/Environment (~> 7.8)
    - GTMSessionFetcher/Core (< 4.0, >= 2.1)
    - RecaptchaInterop (~> 100.0)
  - FirebaseCore (10.25.0):
    - FirebaseCoreInternal (~> 10.0)
    - GoogleUtilities/Environment (~> 7.12)
    - GoogleUtilities/Logger (~> 7.12)
  - FirebaseCoreExtension (10.25.0):
    - FirebaseCore (~> 10.0)
  - FirebaseCoreInternal (10.25.0):
    - "GoogleUtilities/NSData+zlib (~> 7.8)"
  - FirebaseFirestore (10.25.0):
    - FirebaseFirestoreBinary (= 10.25.0)
  - FirebaseFirestoreAbseilBinary (1.2024011601.0)
  - FirebaseFirestoreBinary (10.25.0):
    - FirebaseCore (= 10.25.0)
    - FirebaseCoreExtension (= 10.25.0)
    - FirebaseFirestoreInternalBinary (= 10.25.0)
    - FirebaseSharedSwift (= 10.25.0)
  - FirebaseFirestoreGRPCBoringSSLBinary (1.62.1)
  - FirebaseFirestoreGRPCCoreBinary (1.62.1):
    - FirebaseFirestoreAbseilBinary (= 1.2024011601.0)
    - FirebaseFirestoreGRPCBoringSSLBinary (= 1.62.1)
  - FirebaseFirestoreGRPCCPPBinary (1.62.1):
    - FirebaseFirestoreAbseilBinary (= 1.2024011601.0)
    - FirebaseFirestoreGRPCCoreBinary (= 1.62.1)
  - FirebaseFirestoreInternalBinary (10.25.0):
    - FirebaseCore (= 10.25.0)
    - FirebaseFirestoreAbseilBinary (= 1.2024011601.0)
    - FirebaseFirestoreGRPCCPPBinary (= 1.62.1)
    - leveldb-library (~> 1.22)
    - nanopb (< 2.30911.0, >= 2.30908.0)
  - FirebaseSharedSwift (10.25.0)
  - Flutter (1.0.0)
  - fluttertoast (0.0.2):
    - Flutter
    - Toast
  - GoogleUtilities/AppDelegateSwizzler (7.13.3):
    - GoogleUtilities/Environment
    - GoogleUtilities/Logger
    - GoogleUtilities/Network
    - GoogleUtilities/Privacy
  - GoogleUtilities/Environment (7.13.3):
    - GoogleUtilities/Privacy
    - PromisesObjC (< 3.0, >= 1.2)
  - GoogleUtilities/Logger (7.13.3):
    - GoogleUtilities/Environment
    - GoogleUtilities/Privacy
  - GoogleUtilities/Network (7.13.3):
    - GoogleUtilities/Logger
    - "GoogleUtilities/NSData+zlib"
    - GoogleUtilities/Privacy
    - GoogleUtilities/Reachability
  - "GoogleUtilities/NSData+zlib (7.13.3)":
    - GoogleUtilities/Privacy
  - GoogleUtilities/Privacy (7.13.3)
  - GoogleUtilities/Reachability (7.13.3):
    - GoogleUtilities/Logger
    - GoogleUtilities/Privacy
  - GTMSessionFetcher/Core (3.4.1)
  - image_picker_ios (0.0.1):
    - Flutter
  - leveldb-library (1.22.5)
  - nanopb (2.30909.1):
    - nanopb/decode (= 2.30909.1)
    - nanopb/encode (= 2.30909.1)
  - nanopb/decode (2.30909.1)
  - nanopb/encode (2.30909.1)
  - PromisesObjC (2.4.0)
  - RecaptchaInterop (100.0.0)
  - shared_preferences_foundation (0.0.1):
    - Flutter
    - FlutterMacOS
  - Toast (4.1.1)

DEPENDENCIES:
  - cloud_firestore (from `.symlinks/plugins/cloud_firestore/ios`)
  - firebase_auth (from `.symlinks/plugins/firebase_auth/ios`)
  - firebase_core (from `.symlinks/plugins/firebase_core/ios`)
  - FirebaseFirestore (from `https://github.com/invertase/firestore-ios-sdk-frameworks.git`, tag `10.25.0`)
  - Flutter (from `Flutter`)
  - fluttertoast (from `.symlinks/plugins/fluttertoast/ios`)
  - image_picker_ios (from `.symlinks/plugins/image_picker_ios/ios`)
  - shared_preferences_foundation (from `.symlinks/plugins/shared_preferences_foundation/darwin`)

SPEC REPOS:
  trunk:
    - Firebase
    - FirebaseAppCheckInterop
    - FirebaseAuth
    - FirebaseCore
    - FirebaseCoreExtension
    - FirebaseCoreInternal
    - FirebaseFirestoreAbseilBinary
    - FirebaseFirestoreBinary
    - FirebaseFirestoreGRPCBoringSSLBinary
    - FirebaseFirestoreGRPCCoreBinary
    - FirebaseFirestoreGRPCCPPBinary
    - FirebaseFirestoreInternalBinary
    - FirebaseSharedSwift
    - GoogleUtilities
    - GTMSessionFetcher
    - leveldb-library
    - nanopb
    - PromisesObjC
    - RecaptchaInterop
    - Toast

EXTERNAL SOURCES:
  cloud_firestore:
    :path: ".symlinks/plugins/cloud_firestore/ios"
  firebase_auth:
    :path: ".symlinks/plugins/firebase_auth/ios"
  firebase_core:
    :path: ".symlinks/plugins/firebase_core/ios"
  FirebaseFirestore:
    :git: https://github.com/invertase/firestore-ios-sdk-frameworks.git
    :tag: 10.25.0
  Flutter:
    :path: Flutter
  fluttertoast:
    :path: ".symlinks/plugins/fluttertoast/ios"
  image_picker_ios:
    :path: ".symlinks/plugins/image_picker_ios/ios"
  shared_preferences_foundation:
    :path: ".symlinks/plugins/shared_preferences_foundation/darwin"

CHECKOUT OPTIONS:
  FirebaseFirestore:
    :git: https://github.com/invertase/firestore-ios-sdk-frameworks.git
    :tag: 10.25.0

SPEC CHECKSUMS:
  cloud_firestore: d93bb3cdd1dee05f46de34516a8c1c4a66157919
  Firebase: 0312a2352584f782ea56f66d91606891d4607f06
  firebase_auth: d8736ce759b2e5d2496afea186c338f265592fe9
  firebase_core: 22e117a2e0dec3cb318c8f53f2dd01c140375617
  FirebaseAppCheckInterop: 5da5ce93e8797a215e3f677fb0654b74e736c8b8
  FirebaseAuth: c0f93dcc570c9da2bffb576969d793e95c344fbb
  FirebaseCore: 7ec4d0484817f12c3373955bc87762d96842d483
  FirebaseCoreExtension: 8a47811d0b155501559ef05d089518152a0a1677
  FirebaseCoreInternal: 910a81992c33715fec9263ca7381d59ab3a750b7
  FirebaseFirestore: d30223cc084fb1ea2d7aee742eea5392beaf3edd
  FirebaseFirestoreAbseilBinary: bd0451946879e0e01327c8efc35896bb273009c4
  FirebaseFirestoreBinary: bfcacce21af5109ab56bef3d41b4235b98b22861
  FirebaseFirestoreGRPCBoringSSLBinary: c3007e61593e4583ec3bb8b34ce654663663b690
  FirebaseFirestoreGRPCCoreBinary: 1243fc6604a52912694635f891916976924931ed
  FirebaseFirestoreGRPCCPPBinary: e447b3a7c060c0abfc4e2c9f6fb53bf7635ded66
  FirebaseFirestoreInternalBinary: 64bdfce9f9f44f131e47694b6287fce0f6f26019
  FirebaseSharedSwift: 0274086954b1b2d5fd7e829eccc587044d72a4ba
  Flutter: e0871f40cf51350855a761d2e70bf5af5b9b5de7
  fluttertoast: 31b00dabfa7fb7bacd9e7dbee580d7a2ff4bf265
  GoogleUtilities: ea963c370a38a8069cc5f7ba4ca849a60b6d7d15
  GTMSessionFetcher: 8000756fc1c19d2e5697b90311f7832d2e33f6cd
  image_picker_ios: c560581cceedb403a6ff17f2f816d7fea1421fc1
  leveldb-library: e8eadf9008a61f9e1dde3978c086d2b6d9b9dc28
  nanopb: d4d75c12cd1316f4a64e3c6963f879ecd4b5e0d5
  PromisesObjC: f5707f49cb48b9636751c5b2e7d227e43fba9f47
  RecaptchaInterop: 7d1a4a01a6b2cb1610a47ef3f85f0c411434cb21
  shared_preferences_foundation: fcdcbc04712aee1108ac7fda236f363274528f78
  Toast: 1f5ea13423a1e6674c4abdac5be53587ae481c4e

PODFILE CHECKSUM: e48188daeb80dd6209809247c31120e473e10c40

COCOAPODS: 1.15.2
